
Microsoft Visual Studio Solution File, Format Version 12.00
# Visual Studio Version 17
VisualStudioVersion = 17.5.33530.505
MinimumVisualStudioVersion = 10.0.40219.1
Project("{54A90642-561A-4BB1-A94E-469ADEE60C69}") = "angularapp", "angularapp\angularapp.esproj", "{9A45DE4F-5D21-4ED6-8D37-8A5DDBF9A0CA}"
EndProject
Project("{9A19103F-16F7-4668-BE54-9A1E7A4F7556}") = "webapi", "webapi\webapi.csproj", "{5C70CF02-DE28-4425-A300-B0474C599605}"
EndProject
Global
	GlobalSection(SolutionConfigurationPlatforms) = preSolution
		Debug|Any CPU = Debug|Any CPU
		Release|Any CPU = Release|Any CPU
	EndGlobalSection
	GlobalSection(ProjectConfigurationPlatforms) = postSolution
		{9A45DE4F-5D21-4ED6-8D37-8A5DDBF9A0CA}.Debug|Any CPU.ActiveCfg = Debug|Any CPU
		{9A45DE4F-5D21-4ED6-8D37-8A5DDBF9A0CA}.Debug|Any CPU.Build.0 = Debug|Any CPU
		{9A45DE4F-5D21-4ED6-8D37-8A5DDBF9A0CA}.Debug|Any CPU.Deploy.0 = Debug|Any CPU
		{9A45DE4F-5D21-4ED6-8D37-8A5DDBF9A0CA}.Release|Any CPU.ActiveCfg = Release|Any CPU
		{9A45DE4F-5D21-4ED6-8D37-8A5DDBF9A0CA}.Release|Any CPU.Build.0 = Release|Any CPU
		{9A45DE4F-5D21-4ED6-8D37-8A5DDBF9A0CA}.Release|Any CPU.Deploy.0 = Release|Any CPU
		{5C70CF02-DE28-4425-A300-B0474C599605}.Debug|Any CPU.ActiveCfg = Debug|Any CPU
		{5C70CF02-DE28-4425-A300-B0474C599605}.Debug|Any CPU.Build.0 = Debug|Any CPU
		{5C70CF02-DE28-4425-A300-B0474C599605}.Release|Any CPU.ActiveCfg = Release|Any CPU
		{5C70CF02-DE28-4425-A300-B0474C599605}.Release|Any CPU.Build.0 = Release|Any CPU
	EndGlobalSection
	GlobalSection(SolutionProperties) = preSolution
		HideSolutionNode = FALSE
	EndGlobalSection
	GlobalSection(ExtensibilityGlobals) = postSolution
		SolutionGuid = {677B795C-F393-42FE-8EBC-AA15141F48CB}
	EndGlobalSection
EndGlobal
